
Microsoft Visual Studio Solution File, Format Version 12.00
# Visual Studio Version 17
VisualStudioVersion = 17.14.36221.1
MinimumVisualStudioVersion = 10.0.40219.1
Project("{FAE04EC0-301F-11D3-BF4B-00C04F79EFBC}") = "ElectricFox.BdfViewer", "ElectricFox.BdfViewer\ElectricFox.BdfViewer.csproj", "{1D559385-97B9-4E23-A637-94CB753F43E1}"
EndProject
Project("{FAE04EC0-301F-11D3-BF4B-00C04F79EFBC}") = "ElectricFox.BdfSharp", "ElectricFox.BdfSharp\ElectricFox.BdfSharp.csproj", "{BCB34908-8857-4E56-BF8E-F383DAE3EFC8}"
EndProject
Project("{FAE04EC0-301F-11D3-BF4B-00C04F79EFBC}") = "ElectricFox.BdfSharp.UnitTests", "ElectricFox.BdfSharp.UnitTests\ElectricFox.BdfSharp.UnitTests.csproj", "{E175C2A7-EA2E-4049-A1CC-B9ABF357426A}"
EndProject
Global
	GlobalSection(SolutionConfigurationPlatforms) = preSolution
		Debug|Any CPU = Debug|Any CPU
		Release|Any CPU = Release|Any CPU
	EndGlobalSection
	GlobalSection(ProjectConfigurationPlatforms) = postSolution
		{1D559385-97B9-4E23-A637-94CB753F43E1}.Debug|Any CPU.ActiveCfg = Debug|Any CPU
		{1D559385-97B9-4E23-A637-94CB753F43E1}.Debug|Any CPU.Build.0 = Debug|Any CPU
		{1D559385-97B9-4E23-A637-94CB753F43E1}.Release|Any CPU.ActiveCfg = Release|Any CPU
		{1D559385-97B9-4E23-A637-94CB753F43E1}.Release|Any CPU.Build.0 = Release|Any CPU
		{BCB34908-8857-4E56-BF8E-F383DAE3EFC8}.Debug|Any CPU.ActiveCfg = Debug|Any CPU
		{BCB34908-8857-4E56-BF8E-F383DAE3EFC8}.Debug|Any CPU.Build.0 = Debug|Any CPU
		{BCB34908-8857-4E56-BF8E-F383DAE3EFC8}.Release|Any CPU.ActiveCfg = Release|Any CPU
		{BCB34908-8857-4E56-BF8E-F383DAE3EFC8}.Release|Any CPU.Build.0 = Release|Any CPU
		{E175C2A7-EA2E-4049-A1CC-B9ABF357426A}.Debug|Any CPU.ActiveCfg = Debug|Any CPU
		{E175C2A7-EA2E-4049-A1CC-B9ABF357426A}.Debug|Any CPU.Build.0 = Debug|Any CPU
		{E175C2A7-EA2E-4049-A1CC-B9ABF357426A}.Release|Any CPU.ActiveCfg = Release|Any CPU
		{E175C2A7-EA2E-4049-A1CC-B9ABF357426A}.Release|Any CPU.Build.0 = Release|Any CPU
	EndGlobalSection
	GlobalSection(SolutionProperties) = preSolution
		HideSolutionNode = FALSE
	EndGlobalSection
	GlobalSection(ExtensibilityGlobals) = postSolution
		SolutionGuid = {3B436924-2E77-4485-9142-4431CE6C35AC}
	EndGlobalSection
EndGlobal
